// !$*UTF8*$!
{
	archiveVersion = 1;
	classes = {
	};
	objectVersion = 56;
	objects = {

/* Begin PBXBuildFile section */
		D65386842C92AC8B004721B9 /* TryoutsApp.swift in Sources */ = {isa = PBXBuildFile; fileRef = D65386832C92AC8B004721B9 /* TryoutsApp.swift */; };
		D65386862C92AC8B004721B9 /* ContentView.swift in Sources */ = {isa = PBXBuildFile; fileRef = D65386852C92AC8B004721B9 /* ContentView.swift */; };
		D65386882C92AC8B004721B9 /* Item.swift in Sources */ = {isa = PBXBuildFile; fileRef = D65386872C92AC8B004721B9 /* Item.swift */; };
		D653868A2C92AC8C004721B9 /* Assets.xcassets in Resources */ = {isa = PBXBuildFile; fileRef = D65386892C92AC8C004721B9 /* Assets.xcassets */; };
		D653868D2C92AC8C004721B9 /* Preview Assets.xcassets in Resources */ = {isa = PBXBuildFile; fileRef = D653868C2C92AC8C004721B9 /* Preview Assets.xcassets */; };
		D65386972C92AC8C004721B9 /* TryoutsTests.swift in Sources */ = {isa = PBXBuildFile; fileRef = D65386962C92AC8C004721B9 /* TryoutsTests.swift */; };
		D65386A12C92AC8C004721B9 /* TryoutsUITests.swift in Sources */ = {isa = PBXBuildFile; fileRef = D65386A02C92AC8C004721B9 /* TryoutsUITests.swift */; };
		D65386A32C92AC8C004721B9 /* TryoutsUITestsLaunchTests.swift in Sources */ = {isa = PBXBuildFile; fileRef = D65386A22C92AC8C004721B9 /* TryoutsUITestsLaunchTests.swift */; };
/* End PBXBuildFile section */

/* Begin PBXContainerItemProxy section */
		D65386932C92AC8C004721B9 /* PBXContainerItemProxy */ = {
			isa = PBXContainerItemProxy;
			containerPortal = D65386782C92AC8B004721B9 /* Project object */;
			proxyType = 1;
			remoteGlobalIDString = D653867F2C92AC8B004721B9;
			remoteInfo = Tryouts;
		};
		D653869D2C92AC8C004721B9 /* PBXContainerItemProxy */ = {
			isa = PBXContainerItemProxy;
			containerPortal = D65386782C92AC8B004721B9 /* Project object */;
			proxyType = 1;
			remoteGlobalIDString = D653867F2C92AC8B004721B9;
			remoteInfo = Tryouts;
		};
/* End PBXContainerItemProxy section */

/* Begin PBXFileReference section */
		D65386802C92AC8B004721B9 /* Tryouts.app */ = {isa = PBXFileReference; explicitFileType = wrapper.application; includeInIndex = 0; path = Tryouts.app; sourceTree = BUILT_PRODUCTS_DIR; };
		D65386832C92AC8B004721B9 /* TryoutsApp.swift */ = {isa = PBXFileReference; lastKnownFileType = sourcecode.swift; path = TryoutsApp.swift; sourceTree = "<group>"; };
		D65386852C92AC8B004721B9 /* ContentView.swift */ = {isa = PBXFileReference; lastKnownFileType = sourcecode.swift; path = ContentView.swift; sourceTree = "<group>"; };
		D65386872C92AC8B004721B9 /* Item.swift */ = {isa = PBXFileReference; lastKnownFileType = sourcecode.swift; path = Item.swift; sourceTree = "<group>"; };
		D65386892C92AC8C004721B9 /* Assets.xcassets */ = {isa = PBXFileReference; lastKnownFileType = folder.assetcatalog; path = Assets.xcassets; sourceTree = "<group>"; };
		D653868C2C92AC8C004721B9 /* Preview Assets.xcassets */ = {isa = PBXFileReference; lastKnownFileType = folder.assetcatalog; path = "Preview Assets.xcassets"; sourceTree = "<group>"; };
		D65386922C92AC8C004721B9 /* TryoutsTests.xctest */ = {isa = PBXFileReference; explicitFileType = wrapper.cfbundle; includeInIndex = 0; path = TryoutsTests.xctest; sourceTree = BUILT_PRODUCTS_DIR; };
		D65386962C92AC8C004721B9 /* TryoutsTests.swift */ = {isa = PBXFileReference; lastKnownFileType = sourcecode.swift; path = TryoutsTests.swift; sourceTree = "<group>"; };
		D653869C2C92AC8C004721B9 /* TryoutsUITests.xctest */ = {isa = PBXFileReference; explicitFileType = wrapper.cfbundle; includeInIndex = 0; path = TryoutsUITests.xctest; sourceTree = BUILT_PRODUCTS_DIR; };
		D65386A02C92AC8C004721B9 /* TryoutsUITests.swift */ = {isa = PBXFileReference; lastKnownFileType = sourcecode.swift; path = TryoutsUITests.swift; sourceTree = "<group>"; };
		D65386A22C92AC8C004721B9 /* TryoutsUITestsLaunchTests.swift */ = {isa = PBXFileReference; lastKnownFileType = sourcecode.swift; path = TryoutsUITestsLaunchTests.swift; sourceTree = "<group>"; };
/* End PBXFileReference section */

/* Begin PBXFrameworksBuildPhase section */
		D653867D2C92AC8B004721B9 /* Frameworks */ = {
			isa = PBXFrameworksBuildPhase;
			buildActionMask = 2147483647;
			files = (
			);
			runOnlyForDeploymentPostprocessing = 0;
		};
		D653868F2C92AC8C004721B9 /* Frameworks */ = {
			isa = PBXFrameworksBuildPhase;
			buildActionMask = 2147483647;
			files = (
			);
			runOnlyForDeploymentPostprocessing = 0;
		};
		D65386992C92AC8C004721B9 /* Frameworks */ = {
			isa = PBXFrameworksBuildPhase;
			buildActionMask = 2147483647;
			files = (
			);
			runOnlyForDeploymentPostprocessing = 0;
		};
/* End PBXFrameworksBuildPhase section */

/* Begin PBXGroup section */
		D65386772C92AC8B004721B9 = {
			isa = PBXGroup;
			children = (
				D65386822C92AC8B004721B9 /* Tryouts */,
				D65386952C92AC8C004721B9 /* TryoutsTests */,
				D653869F2C92AC8C004721B9 /* TryoutsUITests */,
				D65386812C92AC8B004721B9 /* Products */,
			);
			sourceTree = "<group>";
		};
		D65386812C92AC8B004721B9 /* Products */ = {
			isa = PBXGroup;
			children = (
				D65386802C92AC8B004721B9 /* Tryouts.app */,
				D65386922C92AC8C004721B9 /* TryoutsTests.xctest */,
				D653869C2C92AC8C004721B9 /* TryoutsUITests.xctest */,
			);
			name = Products;
			sourceTree = "<group>";
		};
		D65386822C92AC8B004721B9 /* Tryouts */ = {
			isa = PBXGroup;
			children = (
				D65386832C92AC8B004721B9 /* TryoutsApp.swift */,
				D65386852C92AC8B004721B9 /* ContentView.swift */,
				D65386872C92AC8B004721B9 /* Item.swift */,
				D65386892C92AC8C004721B9 /* Assets.xcassets */,
				D653868B2C92AC8C004721B9 /* Preview Content */,
			);
			path = Tryouts;
			sourceTree = "<group>";
		};
		D653868B2C92AC8C004721B9 /* Preview Content */ = {
			isa = PBXGroup;
			children = (
				D653868C2C92AC8C004721B9 /* Preview Assets.xcassets */,
			);
			path = "Preview Content";
			sourceTree = "<group>";
		};
		D65386952C92AC8C004721B9 /* TryoutsTests */ = {
			isa = PBXGroup;
			children = (
				D65386962C92AC8C004721B9 /* TryoutsTests.swift */,
			);
			path = TryoutsTests;
			sourceTree = "<group>";
		};
		D653869F2C92AC8C004721B9 /* TryoutsUITests */ = {
			isa = PBXGroup;
			children = (
				D65386A02C92AC8C004721B9 /* TryoutsUITests.swift */,
				D65386A22C92AC8C004721B9 /* TryoutsUITestsLaunchTests.swift */,
			);
			path = TryoutsUITests;
			sourceTree = "<group>";
		};
/* End PBXGroup section */

/* Begin PBXNativeTarget section */
		D653867F2C92AC8B004721B9 /* Tryouts */ = {
			isa = PBXNativeTarget;
			buildConfigurationList = D65386A62C92AC8C004721B9 /* Build configuration list for PBXNativeTarget "Tryouts" */;
			buildPhases = (
				D653867C2C92AC8B004721B9 /* Sources */,
				D653867D2C92AC8B004721B9 /* Frameworks */,
				D653867E2C92AC8B004721B9 /* Resources */,
			);
			buildRules = (
			);
			dependencies = (
			);
			name = Tryouts;
			productName = Tryouts;
			productReference = D65386802C92AC8B004721B9 /* Tryouts.app */;
			productType = "com.apple.product-type.application";
		};
		D65386912C92AC8C004721B9 /* TryoutsTests */ = {
			isa = PBXNativeTarget;
			buildConfigurationList = D65386A92C92AC8C004721B9 /* Build configuration list for PBXNativeTarget "TryoutsTests" */;
			buildPhases = (
				D653868E2C92AC8C004721B9 /* Sources */,
				D653868F2C92AC8C004721B9 /* Frameworks */,
				D65386902C92AC8C004721B9 /* Resources */,
			);
			buildRules = (
			);
			dependencies = (
				D65386942C92AC8C004721B9 /* PBXTargetDependency */,
			);
			name = TryoutsTests;
			productName = TryoutsTests;
			productReference = D65386922C92AC8C004721B9 /* TryoutsTests.xctest */;
			productType = "com.apple.product-type.bundle.unit-test";
		};
		D653869B2C92AC8C004721B9 /* TryoutsUITests */ = {
			isa = PBXNativeTarget;
			buildConfigurationList = D65386AC2C92AC8C004721B9 /* Build configuration list for PBXNativeTarget "TryoutsUITests" */;
			buildPhases = (
				D65386982C92AC8C004721B9 /* Sources */,
				D65386992C92AC8C004721B9 /* Frameworks */,
				D653869A2C92AC8C004721B9 /* Resources */,
			);
			buildRules = (
			);
			dependencies = (
				D653869E2C92AC8C004721B9 /* PBXTargetDependency */,
			);
			name = TryoutsUITests;
			productName = TryoutsUITests;
			productReference = D653869C2C92AC8C004721B9 /* TryoutsUITests.xctest */;
			productType = "com.apple.product-type.bundle.ui-testing";
		};
/* End PBXNativeTarget section */

/* Begin PBXProject section */
		D65386782C92AC8B004721B9 /* Project object */ = {
			isa = PBXProject;
			attributes = {
				BuildIndependentTargetsInParallel = 1;
				LastSwiftUpdateCheck = 1540;
				LastUpgradeCheck = 1540;
				TargetAttributes = {
					D653867F2C92AC8B004721B9 = {
						CreatedOnToolsVersion = 15.4;
					};
					D65386912C92AC8C004721B9 = {
						CreatedOnToolsVersion = 15.4;
						TestTargetID = D653867F2C92AC8B004721B9;
					};
					D653869B2C92AC8C004721B9 = {
						CreatedOnToolsVersion = 15.4;
						TestTargetID = D653867F2C92AC8B004721B9;
					};
				};
			};
			buildConfigurationList = D653867B2C92AC8B004721B9 /* Build configuration list for PBXProject "Tryouts" */;
			compatibilityVersion = "Xcode 14.0";
			developmentRegion = en;
			hasScannedForEncodings = 0;
			knownRegions = (
				en,
				Base,
			);
			mainGroup = D65386772C92AC8B004721B9;
			productRefGroup = D65386812C92AC8B004721B9 /* Products */;
			projectDirPath = "";
			projectRoot = "";
			targets = (
				D653867F2C92AC8B004721B9 /* Tryouts */,
				D65386912C92AC8C004721B9 /* TryoutsTests */,
				D653869B2C92AC8C004721B9 /* TryoutsUITests */,
			);
		};
/* End PBXProject section */

/* Begin PBXResourcesBuildPhase section */
		D653867E2C92AC8B004721B9 /* Resources */ = {
			isa = PBXResourcesBuildPhase;
			buildActionMask = 2147483647;
			files = (
				D653868D2C92AC8C004721B9 /* Preview Assets.xcassets in Resources */,
				D653868A2C92AC8C004721B9 /* Assets.xcassets in Resources */,
			);
			runOnlyForDeploymentPostprocessing = 0;
		};
		D65386902C92AC8C004721B9 /* Resources */ = {
			isa = PBXResourcesBuildPhase;
			buildActionMask = 2147483647;
			files = (
			);
			runOnlyForDeploymentPostprocessing = 0;
		};
		D653869A2C92AC8C004721B9 /* Resources */ = {
			isa = PBXResourcesBuildPhase;
			buildActionMask = 2147483647;
			files = (
			);
			runOnlyForDeploymentPostprocessing = 0;
		};
/* End PBXResourcesBuildPhase section */

/* Begin PBXSourcesBuildPhase section */
		D653867C2C92AC8B004721B9 /* Sources */ = {
			isa = PBXSourcesBuildPhase;
			buildActionMask = 2147483647;
			files = (
				D65386862C92AC8B004721B9 /* ContentView.swift in Sources */,
				D65386882C92AC8B004721B9 /* Item.swift in Sources */,
				D65386842C92AC8B004721B9 /* TryoutsApp.swift in Sources */,
			);
			runOnlyForDeploymentPostprocessing = 0;
		};
		D653868E2C92AC8C004721B9 /* Sources */ = {
			isa = PBXSourcesBuildPhase;
			buildActionMask = 2147483647;
			files = (
				D65386972C92AC8C004721B9 /* TryoutsTests.swift in Sources */,
			);
			runOnlyForDeploymentPostprocessing = 0;
		};
		D65386982C92AC8C004721B9 /* Sources */ = {
			isa = PBXSourcesBuildPhase;
			buildActionMask = 2147483647;
			files = (
				D65386A12C92AC8C004721B9 /* TryoutsUITests.swift in Sources */,
				D65386A32C92AC8C004721B9 /* TryoutsUITestsLaunchTests.swift in Sources */,
			);
			runOnlyForDeploymentPostprocessing = 0;
		};
/* End PBXSourcesBuildPhase section */

/* Begin PBXTargetDependency section */
		D65386942C92AC8C004721B9 /* PBXTargetDependency */ = {
			isa = PBXTargetDependency;
			target = D653867F2C92AC8B004721B9 /* Tryouts */;
			targetProxy = D65386932C92AC8C004721B9 /* PBXContainerItemProxy */;
		};
		D653869E2C92AC8C004721B9 /* PBXTargetDependency */ = {
			isa = PBXTargetDependency;
			target = D653867F2C92AC8B004721B9 /* Tryouts */;
			targetProxy = D653869D2C92AC8C004721B9 /* PBXContainerItemProxy */;
		};
/* End PBXTargetDependency section */

/* Begin XCBuildConfiguration section */
		D65386A42C92AC8C004721B9 /* Debug */ = {
			isa = XCBuildConfiguration;
			buildSettings = {
				ALWAYS_SEARCH_USER_PATHS = NO;
				ASSETCATALOG_COMPILER_GENERATE_SWIFT_ASSET_SYMBOL_EXTENSIONS = YES;
				CLANG_ANALYZER_NONNULL = YES;
				CLANG_ANALYZER_NUMBER_OBJECT_CONVERSION = YES_AGGRESSIVE;
				CLANG_CXX_LANGUAGE_STANDARD = "gnu++20";
				CLANG_ENABLE_MODULES = YES;
				CLANG_ENABLE_OBJC_ARC = YES;
				CLANG_ENABLE_OBJC_WEAK = YES;
				CLANG_WARN_BLOCK_CAPTURE_AUTORELEASING = YES;
				CLANG_WARN_BOOL_CONVERSION = YES;
				CLANG_WARN_COMMA = YES;
				CLANG_WARN_CONSTANT_CONVERSION = YES;
				CLANG_WARN_DEPRECATED_OBJC_IMPLEMENTATIONS = YES;
				CLANG_WARN_DIRECT_OBJC_ISA_USAGE = YES_ERROR;
				CLANG_WARN_DOCUMENTATION_COMMENTS = YES;
				CLANG_WARN_EMPTY_BODY = YES;
				CLANG_WARN_ENUM_CONVERSION = YES;
				CLANG_WARN_INFINITE_RECURSION = YES;
				CLANG_WARN_INT_CONVERSION = YES;
				CLANG_WARN_NON_LITERAL_NULL_CONVERSION = YES;
				CLANG_WARN_OBJC_IMPLICIT_RETAIN_SELF = YES;
				CLANG_WARN_OBJC_LITERAL_CONVERSION = YES;
				CLANG_WARN_OBJC_ROOT_CLASS = YES_ERROR;
				CLANG_WARN_QUOTED_INCLUDE_IN_FRAMEWORK_HEADER = YES;
				CLANG_WARN_RANGE_LOOP_ANALYSIS = YES;
				CLANG_WARN_STRICT_PROTOTYPES = YES;
				CLANG_WARN_SUSPICIOUS_MOVE = YES;
				CLANG_WARN_UNGUARDED_AVAILABILITY = YES_AGGRESSIVE;
				CLANG_WARN_UNREACHABLE_CODE = YES;
				CLANG_WARN__DUPLICATE_METHOD_MATCH = YES;
				COPY_PHASE_STRIP = NO;
				DEBUG_INFORMATION_FORMAT = dwarf;
				ENABLE_STRICT_OBJC_MSGSEND = YES;
				ENABLE_TESTABILITY = YES;
				ENABLE_USER_SCRIPT_SANDBOXING = YES;
				GCC_C_LANGUAGE_STANDARD = gnu17;
				GCC_DYNAMIC_NO_PIC = NO;
				GCC_NO_COMMON_BLOCKS = YES;
				GCC_OPTIMIZATION_LEVEL = 0;
				GCC_PREPROCESSOR_DEFINITIONS = (
					"DEBUG=1",
					"$(inherited)",
				);
				GCC_WARN_64_TO_32_BIT_CONVERSION = YES;
				GCC_WARN_ABOUT_RETURN_TYPE = YES_ERROR;
				GCC_WARN_UNDECLARED_SELECTOR = YES;
				GCC_WARN_UNINITIALIZED_AUTOS = YES_AGGRESSIVE;
				GCC_WARN_UNUSED_FUNCTION = YES;
				GCC_WARN_UNUSED_VARIABLE = YES;
				IPHONEOS_DEPLOYMENT_TARGET = 17.5;
				LOCALIZATION_PREFERS_STRING_CATALOGS = YES;
				MTL_ENABLE_DEBUG_INFO = INCLUDE_SOURCE;
				MTL_FAST_MATH = YES;
				ONLY_ACTIVE_ARCH = YES;
				SDKROOT = iphoneos;
				SWIFT_ACTIVE_COMPILATION_CONDITIONS = "DEBUG $(inherited)";
				SWIFT_OPTIMIZATION_LEVEL = "-Onone";
			};
			name = Debug;
		};
		D65386A52C92AC8C004721B9 /* Release */ = {
			isa = XCBuildConfiguration;
			buildSettings = {
				ALWAYS_SEARCH_USER_PATHS = NO;
				ASSETCATALOG_COMPILER_GENERATE_SWIFT_ASSET_SYMBOL_EXTENSIONS = YES;
				CLANG_ANALYZER_NONNULL = YES;
				CLANG_ANALYZER_NUMBER_OBJECT_CONVERSION = YES_AGGRESSIVE;
				CLANG_CXX_LANGUAGE_STANDARD = "gnu++20";
				CLANG_ENABLE_MODULES = YES;
				CLANG_ENABLE_OBJC_ARC = YES;
				CLANG_ENABLE_OBJC_WEAK = YES;
				CLANG_WARN_BLOCK_CAPTURE_AUTORELEASING = YES;
				CLANG_WARN_BOOL_CONVERSION = YES;
				CLANG_WARN_COMMA = YES;
				CLANG_WARN_CONSTANT_CONVERSION = YES;
				CLANG_WARN_DEPRECATED_OBJC_IMPLEMENTATIONS = YES;
				CLANG_WARN_DIRECT_OBJC_ISA_USAGE = YES_ERROR;
				CLANG_WARN_DOCUMENTATION_COMMENTS = YES;
				CLANG_WARN_EMPTY_BODY = YES;
				CLANG_WARN_ENUM_CONVERSION = YES;
				CLANG_WARN_INFINITE_RECURSION = YES;
				CLANG_WARN_INT_CONVERSION = YES;
				CLANG_WARN_NON_LITERAL_NULL_CONVERSION = YES;
				CLANG_WARN_OBJC_IMPLICIT_RETAIN_SELF = YES;
				CLANG_WARN_OBJC_LITERAL_CONVERSION = YES;
				CLANG_WARN_OBJC_ROOT_CLASS = YES_ERROR;
				CLANG_WARN_QUOTED_INCLUDE_IN_FRAMEWORK_HEADER = YES;
				CLANG_WARN_RANGE_LOOP_ANALYSIS = YES;
				CLANG_WARN_STRICT_PROTOTYPES = YES;
				CLANG_WARN_SUSPICIOUS_MOVE = YES;
				CLANG_WARN_UNGUARDED_AVAILABILITY = YES_AGGRESSIVE;
				CLANG_WARN_UNREACHABLE_CODE = YES;
				CLANG_WARN__DUPLICATE_METHOD_MATCH = YES;
				COPY_PHASE_STRIP = NO;
				DEBUG_INFORMATION_FORMAT = "dwarf-with-dsym";
				ENABLE_NS_ASSERTIONS = NO;
				ENABLE_STRICT_OBJC_MSGSEND = YES;
				ENABLE_USER_SCRIPT_SANDBOXING = YES;
				GCC_C_LANGUAGE_STANDARD = gnu17;
				GCC_NO_COMMON_BLOCKS = YES;
				GCC_WARN_64_TO_32_BIT_CONVERSION = YES;
				GCC_WARN_ABOUT_RETURN_TYPE = YES_ERROR;
				GCC_WARN_UNDECLARED_SELECTOR = YES;
				GCC_WARN_UNINITIALIZED_AUTOS = YES_AGGRESSIVE;
				GCC_WARN_UNUSED_FUNCTION = YES;
				GCC_WARN_UNUSED_VARIABLE = YES;
				IPHONEOS_DEPLOYMENT_TARGET = 17.5;
				LOCALIZATION_PREFERS_STRING_CATALOGS = YES;
				MTL_ENABLE_DEBUG_INFO = NO;
				MTL_FAST_MATH = YES;
				SDKROOT = iphoneos;
				SWIFT_COMPILATION_MODE = wholemodule;
				VALIDATE_PRODUCT = YES;
			};
			name = Release;
		};
		D65386A72C92AC8C004721B9 /* Debug */ = {
			isa = XCBuildConfiguration;
			buildSettings = {
				ASSETCATALOG_COMPILER_APPICON_NAME = AppIcon;
				ASSETCATALOG_COMPILER_GLOBAL_ACCENT_COLOR_NAME = AccentColor;
				CODE_SIGN_STYLE = Automatic;
				CURRENT_PROJECT_VERSION = 1;
				DEVELOPMENT_ASSET_PATHS = "\"Tryouts/Preview Content\"";
				DEVELOPMENT_TEAM = 5HY476RKJR;
				ENABLE_PREVIEWS = YES;
				GENERATE_INFOPLIST_FILE = YES;
				INFOPLIST_KEY_UIApplicationSceneManifest_Generation = YES;
				INFOPLIST_KEY_UIApplicationSupportsIndirectInputEvents = YES;
				INFOPLIST_KEY_UILaunchScreen_Generation = YES;
				INFOPLIST_KEY_UISupportedInterfaceOrientations_iPad = "UIInterfaceOrientationPortrait UIInterfaceOrientationPortraitUpsideDown UIInterfaceOrientationLandscapeLeft UIInterfaceOrientationLandscapeRight";
				INFOPLIST_KEY_UISupportedInterfaceOrientations_iPhone = "UIInterfaceOrientationPortrait UIInterfaceOrientationLandscapeLeft UIInterfaceOrientationLandscapeRight";
				LD_RUNPATH_SEARCH_PATHS = (
					"$(inherited)",
					"@executable_path/Frameworks",
				);
				MARKETING_VERSION = 1.0;
				PRODUCT_BUNDLE_IDENTIFIER = Family.Tryouts;
				PRODUCT_NAME = "$(TARGET_NAME)";
				SWIFT_EMIT_LOC_STRINGS = YES;
				SWIFT_VERSION = 5.0;
				TARGETED_DEVICE_FAMILY = "1,2";
			};
			name = Debug;
		};
		D65386A82C92AC8C004721B9 /* Release */ = {
			isa = XCBuildConfiguration;
			buildSettings = {
				ASSETCATALOG_COMPILER_APPICON_NAME = AppIcon;
				ASSETCATALOG_COMPILER_GLOBAL_ACCENT_COLOR_NAME = AccentColor;
				CODE_SIGN_STYLE = Automatic;
				CURRENT_PROJECT_VERSION = 1;
				DEVELOPMENT_ASSET_PATHS = "\"Tryouts/Preview Content\"";
				DEVELOPMENT_TEAM = 5HY476RKJR;
				ENABLE_PREVIEWS = YES;
				GENERATE_INFOPLIST_FILE = YES;
				INFOPLIST_KEY_UIApplicationSceneManifest_Generation = YES;
				INFOPLIST_KEY_UIApplicationSupportsIndirectInputEvents = YES;
				INFOPLIST_KEY_UILaunchScreen_Generation = YES;
				INFOPLIST_KEY_UISupportedInterfaceOrientations_iPad = "UIInterfaceOrientationPortrait UIInterfaceOrientationPortraitUpsideDown UIInterfaceOrientationLandscapeLeft UIInterfaceOrientationLandscapeRight";
				INFOPLIST_KEY_UISupportedInterfaceOrientations_iPhone = "UIInterfaceOrientationPortrait UIInterfaceOrientationLandscapeLeft UIInterfaceOrientationLandscapeRight";
				LD_RUNPATH_SEARCH_PATHS = (
					"$(inherited)",
					"@executable_path/Frameworks",
				);
				MARKETING_VERSION = 1.0;
				PRODUCT_BUNDLE_IDENTIFIER = Family.Tryouts;
				PRODUCT_NAME = "$(TARGET_NAME)";
				SWIFT_EMIT_LOC_STRINGS = YES;
				SWIFT_VERSION = 5.0;
				TARGETED_DEVICE_FAMILY = "1,2";
			};
			name = Release;
		};
		D65386AA2C92AC8C004721B9 /* Debug */ = {
			isa = XCBuildConfiguration;
			buildSettings = {
				ALWAYS_EMBED_SWIFT_STANDARD_LIBRARIES = YES;
				BUNDLE_LOADER = "$(TEST_HOST)";
				CODE_SIGN_STYLE = Automatic;
				CURRENT_PROJECT_VERSION = 1;
				DEVELOPMENT_TEAM = 5HY476RKJR;
				GENERATE_INFOPLIST_FILE = YES;
				IPHONEOS_DEPLOYMENT_TARGET = 17.5;
				MARKETING_VERSION = 1.0;
				PRODUCT_BUNDLE_IDENTIFIER = Family.TryoutsTests;
				PRODUCT_NAME = "$(TARGET_NAME)";
				SWIFT_EMIT_LOC_STRINGS = NO;
				SWIFT_VERSION = 5.0;
				TARGETED_DEVICE_FAMILY = "1,2";
				TEST_HOST = "$(BUILT_PRODUCTS_DIR)/Tryouts.app/$(BUNDLE_EXECUTABLE_FOLDER_PATH)/Tryouts";
			};
			name = Debug;
		};
		D65386AB2C92AC8C004721B9 /* Release */ = {
			isa = XCBuildConfiguration;
			buildSettings = {
				ALWAYS_EMBED_SWIFT_STANDARD_LIBRARIES = YES;
				BUNDLE_LOADER = "$(TEST_HOST)";
				CODE_SIGN_STYLE = Automatic;
				CURRENT_PROJECT_VERSION = 1;
				DEVELOPMENT_TEAM = 5HY476RKJR;
				GENERATE_INFOPLIST_FILE = YES;
				IPHONEOS_DEPLOYMENT_TARGET = 17.5;
				MARKETING_VERSION = 1.0;
				PRODUCT_BUNDLE_IDENTIFIER = Family.TryoutsTests;
				PRODUCT_NAME = "$(TARGET_NAME)";
				SWIFT_EMIT_LOC_STRINGS = NO;
				SWIFT_VERSION = 5.0;
				TARGETED_DEVICE_FAMILY = "1,2";
				TEST_HOST = "$(BUILT_PRODUCTS_DIR)/Tryouts.app/$(BUNDLE_EXECUTABLE_FOLDER_PATH)/Tryouts";
			};
			name = Release;
		};
		D65386AD2C92AC8C004721B9 /* Debug */ = {
			isa = XCBuildConfiguration;
			buildSettings = {
				ALWAYS_EMBED_SWIFT_STANDARD_LIBRARIES = YES;
				CODE_SIGN_STYLE = Automatic;
				CURRENT_PROJECT_VERSION = 1;
				DEVELOPMENT_TEAM = 5HY476RKJR;
				GENERATE_INFOPLIST_FILE = YES;
				MARKETING_VERSION = 1.0;
				PRODUCT_BUNDLE_IDENTIFIER = Family.TryoutsUITests;
				PRODUCT_NAME = "$(TARGET_NAME)";
				SWIFT_EMIT_LOC_STRINGS = NO;
				SWIFT_VERSION = 5.0;
				TARGETED_DEVICE_FAMILY = "1,2";
				TEST_TARGET_NAME = Tryouts;
			};
			name = Debug;
		};
		D65386AE2C92AC8C004721B9 /* Release */ = {
			isa = XCBuildConfiguration;
			buildSettings = {
				ALWAYS_EMBED_SWIFT_STANDARD_LIBRARIES = YES;
				CODE_SIGN_STYLE = Automatic;
				CURRENT_PROJECT_VERSION = 1;
				DEVELOPMENT_TEAM = 5HY476RKJR;
				GENERATE_INFOPLIST_FILE = YES;
				MARKETING_VERSION = 1.0;
				PRODUCT_BUNDLE_IDENTIFIER = Family.TryoutsUITests;
				PRODUCT_NAME = "$(TARGET_NAME)";
				SWIFT_EMIT_LOC_STRINGS = NO;
				SWIFT_VERSION = 5.0;
				TARGETED_DEVICE_FAMILY = "1,2";
				TEST_TARGET_NAME = Tryouts;
			};
			name = Release;
		};
/* End XCBuildConfiguration section */

/* Begin XCConfigurationList section */
		D653867B2C92AC8B004721B9 /* Build configuration list for PBXProject "Tryouts" */ = {
			isa = XCConfigurationList;
			buildConfigurations = (
				D65386A42C92AC8C004721B9 /* Debug */,
				D65386A52C92AC8C004721B9 /* Release */,
			);
			defaultConfigurationIsVisible = 0;
			defaultConfigurationName = Release;
		};
		D65386A62C92AC8C004721B9 /* Build configuration list for PBXNativeTarget "Tryouts" */ = {
			isa = XCConfigurationList;
			buildConfigurations = (
				D65386A72C92AC8C004721B9 /* Debug */,
				D65386A82C92AC8C004721B9 /* Release */,
			);
			defaultConfigurationIsVisible = 0;
			defaultConfigurationName = Release;
		};
		D65386A92C92AC8C004721B9 /* Build configuration list for PBXNativeTarget "TryoutsTests" */ = {
			isa = XCConfigurationList;
			buildConfigurations = (
				D65386AA2C92AC8C004721B9 /* Debug */,
				D65386AB2C92AC8C004721B9 /* Release */,
			);
			defaultConfigurationIsVisible = 0;
			defaultConfigurationName = Release;
		};
		D65386AC2C92AC8C004721B9 /* Build configuration list for PBXNativeTarget "TryoutsUITests" */ = {
			isa = XCConfigurationList;
			buildConfigurations = (
				D65386AD2C92AC8C004721B9 /* Debug */,
				D65386AE2C92AC8C004721B9 /* Release */,
			);
			defaultConfigurationIsVisible = 0;
			defaultConfigurationName = Release;
		};
/* End XCConfigurationList section */
	};
	rootObject = D65386782C92AC8B004721B9 /* Project object */;
}
